
Microsoft Visual Studio Solution File, Format Version 11.00
# Visual Studio 2010
Project("{FAE04EC0-301F-11D3-BF4B-00C04F79EFBC}") = "_4sqtransit", "_4sqtransit.csproj", "{2CCFFD5C-4E29-4145-B6CE-7D68CAEC3882}"
EndProject
Global
	GlobalSection(SolutionConfigurationPlatforms) = preSolution
		Debug|Any CPU = Debug|Any CPU
		Release|Any CPU = Release|Any CPU
	EndGlobalSection
	GlobalSection(ProjectConfigurationPlatforms) = postSolution
		{2CCFFD5C-4E29-4145-B6CE-7D68CAEC3882}.Debug|Any CPU.ActiveCfg = Debug|Any CPU
		{2CCFFD5C-4E29-4145-B6CE-7D68CAEC3882}.Debug|Any CPU.Build.0 = Debug|Any CPU
		{2CCFFD5C-4E29-4145-B6CE-7D68CAEC3882}.Release|Any CPU.ActiveCfg = Release|Any CPU
		{2CCFFD5C-4E29-4145-B6CE-7D68CAEC3882}.Release|Any CPU.Build.0 = Release|Any CPU
	EndGlobalSection
	GlobalSection(SolutionProperties) = preSolution
		HideSolutionNode = FALSE
	EndGlobalSection
EndGlobal
